
Microsoft Visual Studio Solution File, Format Version 12.00
# Visual Studio Version 16
VisualStudioVersion = 16.0.31205.134
MinimumVisualStudioVersion = 10.0.40219.1
Project("{FAE04EC0-301F-11D3-BF4B-00C04F79EFBC}") = "PBPMover", "PBPMover.csproj", "{D933133F-A52E-44A0-9B19-74CA2600DA2A}"
EndProject
Global
	GlobalSection(SolutionConfigurationPlatforms) = preSolution
		Debug|Any CPU = Debug|Any CPU
		Release|Any CPU = Release|Any CPU
	EndGlobalSection
	GlobalSection(ProjectConfigurationPlatforms) = postSolution
		{D933133F-A52E-44A0-9B19-74CA2600DA2A}.Debug|Any CPU.ActiveCfg = Debug|Any CPU
		{D933133F-A52E-44A0-9B19-74CA2600DA2A}.Debug|Any CPU.Build.0 = Debug|Any CPU
		{D933133F-A52E-44A0-9B19-74CA2600DA2A}.Release|Any CPU.ActiveCfg = Release|Any CPU
		{D933133F-A52E-44A0-9B19-74CA2600DA2A}.Release|Any CPU.Build.0 = Release|Any CPU
	EndGlobalSection
	GlobalSection(SolutionProperties) = preSolution
		HideSolutionNode = FALSE
	EndGlobalSection
	GlobalSection(ExtensibilityGlobals) = postSolution
		SolutionGuid = {72E3853F-F361-450E-AC66-44AC6A4BC3DE}
	EndGlobalSection
EndGlobal
